
Microsoft Visual Studio Solution File, Format Version 12.00
# Visual Studio Version 17
VisualStudioVersion = 17.8.34316.72
MinimumVisualStudioVersion = 10.0.40219.1
Project("{FAE04EC0-301F-11D3-BF4B-00C04F79EFBC}") = "Examen_1", "Examen_1\Examen_1.csproj", "{5BBC25D7-00D9-47FE-BEC2-B2669FD9F88C}"
EndProject
Global
	GlobalSection(SolutionConfigurationPlatforms) = preSolution
		Debug|Any CPU = Debug|Any CPU
		Release|Any CPU = Release|Any CPU
	EndGlobalSection
	GlobalSection(ProjectConfigurationPlatforms) = postSolution
		{5BBC25D7-00D9-47FE-BEC2-B2669FD9F88C}.Debug|Any CPU.ActiveCfg = Debug|Any CPU
		{5BBC25D7-00D9-47FE-BEC2-B2669FD9F88C}.Debug|Any CPU.Build.0 = Debug|Any CPU
		{5BBC25D7-00D9-47FE-BEC2-B2669FD9F88C}.Release|Any CPU.ActiveCfg = Release|Any CPU
		{5BBC25D7-00D9-47FE-BEC2-B2669FD9F88C}.Release|Any CPU.Build.0 = Release|Any CPU
	EndGlobalSection
	GlobalSection(SolutionProperties) = preSolution
		HideSolutionNode = FALSE
	EndGlobalSection
	GlobalSection(ExtensibilityGlobals) = postSolution
		SolutionGuid = {B08B6061-3C58-45C8-981D-BB8EA5E8E180}
	EndGlobalSection
EndGlobal
